
Microsoft Visual Studio Solution File, Format Version 12.00
# Visual Studio Version 17
VisualStudioVersion = 17.1.32421.90
MinimumVisualStudioVersion = 10.0.40219.1
Project("{FAE04EC0-301F-11D3-BF4B-00C04F79EFBC}") = "ExceptionHunter", "ExceptionHunter\ExceptionHunter.csproj", "{A00BC491-CF47-4A1D-9CC6-8A7F50BE42C4}"
EndProject
Global
	GlobalSection(SolutionConfigurationPlatforms) = preSolution
		Debug|Any CPU = Debug|Any CPU
		Release|Any CPU = Release|Any CPU
	EndGlobalSection
	GlobalSection(ProjectConfigurationPlatforms) = postSolution
		{A00BC491-CF47-4A1D-9CC6-8A7F50BE42C4}.Debug|Any CPU.ActiveCfg = Debug|Any CPU
		{A00BC491-CF47-4A1D-9CC6-8A7F50BE42C4}.Debug|Any CPU.Build.0 = Debug|Any CPU
		{A00BC491-CF47-4A1D-9CC6-8A7F50BE42C4}.Release|Any CPU.ActiveCfg = Release|Any CPU
		{A00BC491-CF47-4A1D-9CC6-8A7F50BE42C4}.Release|Any CPU.Build.0 = Release|Any CPU
	EndGlobalSection
	GlobalSection(SolutionProperties) = preSolution
		HideSolutionNode = FALSE
	EndGlobalSection
	GlobalSection(ExtensibilityGlobals) = postSolution
		SolutionGuid = {B2DAB668-C2F6-4635-8CF8-EBB6F1A78F6C}
	EndGlobalSection
EndGlobal
